
Microsoft Visual Studio Solution File, Format Version 12.00
# Visual Studio Version 17
VisualStudioVersion = 17.4.33122.133
MinimumVisualStudioVersion = 10.0.40219.1
Project("{9A19103F-16F7-4668-BE54-9A1E7A4F7556}") = "E72LET_HFT_2022232.Client", "E72LET_HFT_2022232\E72LET_HFT_2022232.Client.csproj", "{8D797ACE-7DA6-4E81-9D94-C9728997AB5E}"
EndProject
Project("{FAE04EC0-301F-11D3-BF4B-00C04F79EFBC}") = "E72LET_HFT_2022232.Models", "E72LET_HFT_2022232.Models\E72LET_HFT_2022232.Models.csproj", "{0D7BCB85-B063-4ACE-ABB6-1C622AE730CD}"
EndProject
Project("{FAE04EC0-301F-11D3-BF4B-00C04F79EFBC}") = "E72LET_HFT_2022232.Logic", "E72LET_HFT_2022232.Logic\E72LET_HFT_2022232.Logic.csproj", "{FC8A886E-1BBB-4325-9192-FEC676AE0163}"
EndProject
Project("{FAE04EC0-301F-11D3-BF4B-00C04F79EFBC}") = "E72LET_HFT_2022232.Repository", "E72LET_HFT_2022232.Repository\E72LET_HFT_2022232.Repository.csproj", "{906A5D3D-A458-47FF-A7EF-EDF43F11D72E}"
EndProject
Global
	GlobalSection(SolutionConfigurationPlatforms) = preSolution
		Debug|Any CPU = Debug|Any CPU
		Release|Any CPU = Release|Any CPU
	EndGlobalSection
	GlobalSection(ProjectConfigurationPlatforms) = postSolution
		{8D797ACE-7DA6-4E81-9D94-C9728997AB5E}.Debug|Any CPU.ActiveCfg = Debug|Any CPU
		{8D797ACE-7DA6-4E81-9D94-C9728997AB5E}.Debug|Any CPU.Build.0 = Debug|Any CPU
		{8D797ACE-7DA6-4E81-9D94-C9728997AB5E}.Release|Any CPU.ActiveCfg = Release|Any CPU
		{8D797ACE-7DA6-4E81-9D94-C9728997AB5E}.Release|Any CPU.Build.0 = Release|Any CPU
		{0D7BCB85-B063-4ACE-ABB6-1C622AE730CD}.Debug|Any CPU.ActiveCfg = Debug|Any CPU
		{0D7BCB85-B063-4ACE-ABB6-1C622AE730CD}.Debug|Any CPU.Build.0 = Debug|Any CPU
		{0D7BCB85-B063-4ACE-ABB6-1C622AE730CD}.Release|Any CPU.ActiveCfg = Release|Any CPU
		{0D7BCB85-B063-4ACE-ABB6-1C622AE730CD}.Release|Any CPU.Build.0 = Release|Any CPU
		{FC8A886E-1BBB-4325-9192-FEC676AE0163}.Debug|Any CPU.ActiveCfg = Debug|Any CPU
		{FC8A886E-1BBB-4325-9192-FEC676AE0163}.Debug|Any CPU.Build.0 = Debug|Any CPU
		{FC8A886E-1BBB-4325-9192-FEC676AE0163}.Release|Any CPU.ActiveCfg = Release|Any CPU
		{FC8A886E-1BBB-4325-9192-FEC676AE0163}.Release|Any CPU.Build.0 = Release|Any CPU
		{906A5D3D-A458-47FF-A7EF-EDF43F11D72E}.Debug|Any CPU.ActiveCfg = Debug|Any CPU
		{906A5D3D-A458-47FF-A7EF-EDF43F11D72E}.Debug|Any CPU.Build.0 = Debug|Any CPU
		{906A5D3D-A458-47FF-A7EF-EDF43F11D72E}.Release|Any CPU.ActiveCfg = Release|Any CPU
		{906A5D3D-A458-47FF-A7EF-EDF43F11D72E}.Release|Any CPU.Build.0 = Release|Any CPU
	EndGlobalSection
	GlobalSection(SolutionProperties) = preSolution
		HideSolutionNode = FALSE
	EndGlobalSection
	GlobalSection(ExtensibilityGlobals) = postSolution
		SolutionGuid = {85F066FB-54EA-4DDD-900D-3D3280F4173E}
	EndGlobalSection
EndGlobal
